
Microsoft Visual Studio Solution File, Format Version 12.00
# Visual Studio 15
VisualStudioVersion = 15.0.26730.12
MinimumVisualStudioVersion = 10.0.40219.1
Project("{FAE04EC0-301F-11D3-BF4B-00C04F79EFBC}") = "botcsharptest", "botcsharptest\botcsharptest.csproj", "{abfcb56b-20b1-497e-8cb3-ab2203b4af46}"
EndProject
Project("{151D2E53-A2C4-4D7D-83FE-D05416EBD58E}") = "botcsharptest.IaC", "botcsharptest.IaC\botcsharptest.IaC.deployproj", "{b268c6b5-b347-4c80-9c17-9772f5bb3018}"
EndProject
Project("{FAE04EC0-301F-11D3-BF4B-00C04F79EFBC}") = "botcsharptest.Tests", "botcsharptest.Tests\botcsharptest.Tests.csproj", "{f3820f08-2976-4568-afc2-b2a2446026b0}"
EndProject
Global
	GlobalSection(SolutionConfigurationPlatforms) = preSolution
		Debug|Any CPU = Debug|Any CPU
		Release|Any CPU = Release|Any CPU
	EndGlobalSection
	GlobalSection(ProjectConfigurationPlatforms) = postSolution
		{abfcb56b-20b1-497e-8cb3-ab2203b4af46}.Debug|Any CPU.ActiveCfg = Debug|Any CPU
		{abfcb56b-20b1-497e-8cb3-ab2203b4af46}.Debug|Any CPU.Build.0 = Debug|Any CPU
		{abfcb56b-20b1-497e-8cb3-ab2203b4af46}.Release|Any CPU.ActiveCfg = Release|Any CPU
		{abfcb56b-20b1-497e-8cb3-ab2203b4af46}.Release|Any CPU.Build.0 = Release|Any CPU
		{b268c6b5-b347-4c80-9c17-9772f5bb3018}.Debug|Any CPU.ActiveCfg = Debug|Any CPU
		{b268c6b5-b347-4c80-9c17-9772f5bb3018}.Debug|Any CPU.Build.0 = Debug|Any CPU
		{b268c6b5-b347-4c80-9c17-9772f5bb3018}.Release|Any CPU.ActiveCfg = Release|Any CPU
		{b268c6b5-b347-4c80-9c17-9772f5bb3018}.Release|Any CPU.Build.0 = Release|Any CPU
		{f3820f08-2976-4568-afc2-b2a2446026b0}.Debug|Any CPU.ActiveCfg = Debug|Any CPU
		{f3820f08-2976-4568-afc2-b2a2446026b0}.Debug|Any CPU.Build.0 = Debug|Any CPU
		{f3820f08-2976-4568-afc2-b2a2446026b0}.Release|Any CPU.ActiveCfg = Release|Any CPU
		{f3820f08-2976-4568-afc2-b2a2446026b0}.Release|Any CPU.Build.0 = Release|Any CPU
	EndGlobalSection
	GlobalSection(SolutionProperties) = preSolution
		HideSolutionNode = FALSE
	EndGlobalSection
	GlobalSection(ExtensibilityGlobals) = postSolution
		SolutionGuid = {75E23451-8A81-4A53-AC1E-1A6B8EAE90DF}
	EndGlobalSection
EndGlobal
